
Microsoft Visual Studio Solution File, Format Version 12.00
# Visual Studio Version 17
VisualStudioVersion = 17.11.35208.52
MinimumVisualStudioVersion = 10.0.40219.1
Project("{FAE04EC0-301F-11D3-BF4B-00C04F79EFBC}") = "Software_Temperatura", "Software_Temperatura\Software_Temperatura.csproj", "{9E5EA009-AD20-4D22-AA1C-618716CF198F}"
EndProject
Project("{FAE04EC0-301F-11D3-BF4B-00C04F79EFBC}") = "Controller", "Controller\Controller.csproj", "{EEFFF568-EFF7-4EE1-B858-452385AF9B40}"
EndProject
Project("{FAE04EC0-301F-11D3-BF4B-00C04F79EFBC}") = "DataAccess", "DataAccess\DataAccess.csproj", "{F763F239-BF56-4E35-984B-4697425727B8}"
EndProject
Global
	GlobalSection(SolutionConfigurationPlatforms) = preSolution
		Debug|Any CPU = Debug|Any CPU
		Release|Any CPU = Release|Any CPU
	EndGlobalSection
	GlobalSection(ProjectConfigurationPlatforms) = postSolution
		{9E5EA009-AD20-4D22-AA1C-618716CF198F}.Debug|Any CPU.ActiveCfg = Debug|Any CPU
		{9E5EA009-AD20-4D22-AA1C-618716CF198F}.Debug|Any CPU.Build.0 = Debug|Any CPU
		{9E5EA009-AD20-4D22-AA1C-618716CF198F}.Release|Any CPU.ActiveCfg = Release|Any CPU
		{9E5EA009-AD20-4D22-AA1C-618716CF198F}.Release|Any CPU.Build.0 = Release|Any CPU
		{EEFFF568-EFF7-4EE1-B858-452385AF9B40}.Debug|Any CPU.ActiveCfg = Debug|Any CPU
		{EEFFF568-EFF7-4EE1-B858-452385AF9B40}.Debug|Any CPU.Build.0 = Debug|Any CPU
		{EEFFF568-EFF7-4EE1-B858-452385AF9B40}.Release|Any CPU.ActiveCfg = Release|Any CPU
		{EEFFF568-EFF7-4EE1-B858-452385AF9B40}.Release|Any CPU.Build.0 = Release|Any CPU
		{F763F239-BF56-4E35-984B-4697425727B8}.Debug|Any CPU.ActiveCfg = Debug|Any CPU
		{F763F239-BF56-4E35-984B-4697425727B8}.Debug|Any CPU.Build.0 = Debug|Any CPU
		{F763F239-BF56-4E35-984B-4697425727B8}.Release|Any CPU.ActiveCfg = Release|Any CPU
		{F763F239-BF56-4E35-984B-4697425727B8}.Release|Any CPU.Build.0 = Release|Any CPU
	EndGlobalSection
	GlobalSection(SolutionProperties) = preSolution
		HideSolutionNode = FALSE
	EndGlobalSection
	GlobalSection(ExtensibilityGlobals) = postSolution
		SolutionGuid = {37B08818-9EDF-4238-8689-B9CC1186125C}
	EndGlobalSection
EndGlobal
